// !$*UTF8*$!
{
	archiveVersion = 1;
	classes = {
	};
	objectVersion = 46;
	objects = {

/* Begin PBXBuildFile section */
		FC7FD058193B6048009902CA /* Foundation.framework in Frameworks */ = {isa = PBXBuildFile; fileRef = FC7FD057193B6048009902CA /* Foundation.framework */; };
		FC7FD05A193B6048009902CA /* CoreGraphics.framework in Frameworks */ = {isa = PBXBuildFile; fileRef = FC7FD059193B6048009902CA /* CoreGraphics.framework */; };
		FC7FD05C193B6048009902CA /* UIKit.framework in Frameworks */ = {isa = PBXBuildFile; fileRef = FC7FD05B193B6048009902CA /* UIKit.framework */; };
		FC7FD062193B6048009902CA /* InfoPlist.strings in Resources */ = {isa = PBXBuildFile; fileRef = FC7FD060193B6048009902CA /* InfoPlist.strings */; };
		FC7FD064193B6048009902CA /* main.m in Sources */ = {isa = PBXBuildFile; fileRef = FC7FD063193B6048009902CA /* main.m */; };
		FC7FD068193B6048009902CA /* supermercacomAppDelegate.m in Sources */ = {isa = PBXBuildFile; fileRef = FC7FD067193B6048009902CA /* supermercacomAppDelegate.m */; };
		FC7FD06B193B6048009902CA /* Main.storyboard in Resources */ = {isa = PBXBuildFile; fileRef = FC7FD069193B6048009902CA /* Main.storyboard */; };
		FC7FD06E193B6048009902CA /* supermercacomViewController.m in Sources */ = {isa = PBXBuildFile; fileRef = FC7FD06D193B6048009902CA /* supermercacomViewController.m */; };
		FC7FD070193B6048009902CA /* Images.xcassets in Resources */ = {isa = PBXBuildFile; fileRef = FC7FD06F193B6048009902CA /* Images.xcassets */; };
		FC7FD077193B6048009902CA /* XCTest.framework in Frameworks */ = {isa = PBXBuildFile; fileRef = FC7FD076193B6048009902CA /* XCTest.framework */; };
		FC7FD078193B6048009902CA /* Foundation.framework in Frameworks */ = {isa = PBXBuildFile; fileRef = FC7FD057193B6048009902CA /* Foundation.framework */; };
		FC7FD079193B6048009902CA /* UIKit.framework in Frameworks */ = {isa = PBXBuildFile; fileRef = FC7FD05B193B6048009902CA /* UIKit.framework */; };
		FC7FD081193B6048009902CA /* InfoPlist.strings in Resources */ = {isa = PBXBuildFile; fileRef = FC7FD07F193B6048009902CA /* InfoPlist.strings */; };
		FC7FD083193B6048009902CA /* supermercaTests.m in Sources */ = {isa = PBXBuildFile; fileRef = FC7FD082193B6048009902CA /* supermercaTests.m */; };
		FC7FD092193B6144009902CA /* Calificar.png in Resources */ = {isa = PBXBuildFile; fileRef = FC7FD08C193B6144009902CA /* Calificar.png */; };
		FC7FD093193B6144009902CA /* Comprar.png in Resources */ = {isa = PBXBuildFile; fileRef = FC7FD08D193B6144009902CA /* Comprar.png */; };
		FC7FD094193B6144009902CA /* Georeferencia.png in Resources */ = {isa = PBXBuildFile; fileRef = FC7FD08E193B6144009902CA /* Georeferencia.png */; };
		FC7FD095193B6144009902CA /* logo4.png in Resources */ = {isa = PBXBuildFile; fileRef = FC7FD08F193B6144009902CA /* logo4.png */; };
		FC7FD096193B6144009902CA /* logo6.png in Resources */ = {isa = PBXBuildFile; fileRef = FC7FD090193B6144009902CA /* logo6.png */; };
		FC7FD097193B6144009902CA /* Producto.png in Resources */ = {isa = PBXBuildFile; fileRef = FC7FD091193B6144009902CA /* Producto.png */; };
		FC7FD09A193B6347009902CA /* productsDetailViewController.m in Sources */ = {isa = PBXBuildFile; fileRef = FC7FD099193B6347009902CA /* productsDetailViewController.m */; };
		FC7FD09C193B63A1009902CA /* MapKit.framework in Frameworks */ = {isa = PBXBuildFile; fileRef = FC7FD09B193B63A1009902CA /* MapKit.framework */; };
		FC7FD09E193B63A8009902CA /* SystemConfiguration.framework in Frameworks */ = {isa = PBXBuildFile; fileRef = FC7FD09D193B63A8009902CA /* SystemConfiguration.framework */; };
		FC7FD0A0193B63AE009902CA /* StoreKit.framework in Frameworks */ = {isa = PBXBuildFile; fileRef = FC7FD09F193B63AE009902CA /* StoreKit.framework */; };
		FC7FD0A2193B63B7009902CA /* Security.framework in Frameworks */ = {isa = PBXBuildFile; fileRef = FC7FD0A1193B63B7009902CA /* Security.framework */; };
		FC7FD0A4193B63C2009902CA /* QuartzCore.framework in Frameworks */ = {isa = PBXBuildFile; fileRef = FC7FD0A3193B63C2009902CA /* QuartzCore.framework */; };
		FC7FD0A6193B63C9009902CA /* MobileCoreServices.framework in Frameworks */ = {isa = PBXBuildFile; fileRef = FC7FD0A5193B63C9009902CA /* MobileCoreServices.framework */; };
		FC7FD0A8193B63D1009902CA /* libz.dylib in Frameworks */ = {isa = PBXBuildFile; fileRef = FC7FD0A7193B63D1009902CA /* libz.dylib */; };
		FC7FD0AA193B63D7009902CA /* libsqlite3.dylib in Frameworks */ = {isa = PBXBuildFile; fileRef = FC7FD0A9193B63D7009902CA /* libsqlite3.dylib */; };
		FC7FD0AC193B63DE009902CA /* CoreLocation.framework in Frameworks */ = {isa = PBXBuildFile; fileRef = FC7FD0AB193B63DE009902CA /* CoreLocation.framework */; };
		FC7FD0AE193B63EF009902CA /* CFNetwork.framework in Frameworks */ = {isa = PBXBuildFile; fileRef = FC7FD0AD193B63EF009902CA /* CFNetwork.framework */; };
		FC7FD0B0193B640D009902CA /* Parse.framework in Frameworks */ = {isa = PBXBuildFile; fileRef = FC7FD0AF193B640D009902CA /* Parse.framework */; };
		FC7FD0B2193B641A009902CA /* AudioToolbox.framework in Frameworks */ = {isa = PBXBuildFile; fileRef = FC7FD0B1193B641A009902CA /* AudioToolbox.framework */; };
		FC7FD0B5193B649C009902CA /* productsTableViewController.m in Sources */ = {isa = PBXBuildFile; fileRef = FC7FD0B4193B649C009902CA /* productsTableViewController.m */; };
		FC7FD0BC193B67AC009902CA /* 2.-29x29.png in Resources */ = {isa = PBXBuildFile; fileRef = FC7FD0B6193B67AC009902CA /* 2.-29x29.png */; };
		FC7FD0BD193B67AC009902CA /* 2.-40x40.png in Resources */ = {isa = PBXBuildFile; fileRef = FC7FD0B7193B67AC009902CA /* 2.-40x40.png */; };
		FC7FD0BE193B67AC009902CA /* 2.-58x58.png in Resources */ = {isa = PBXBuildFile; fileRef = FC7FD0B8193B67AC009902CA /* 2.-58x58.png */; };
		FC7FD0BF193B67AC009902CA /* 2.-76x76.png in Resources */ = {isa = PBXBuildFile; fileRef = FC7FD0B9193B67AC009902CA /* 2.-76x76.png */; };
		FC7FD0C0193B67AC009902CA /* 2.-152x152.png in Resources */ = {isa = PBXBuildFile; fileRef = FC7FD0BA193B67AC009902CA /* 2.-152x152.png */; };
		FC7FD0C1193B67AC009902CA /* 2.120x120.png in Resources */ = {isa = PBXBuildFile; fileRef = FC7FD0BB193B67AC009902CA /* 2.120x120.png */; };
		FC7FD0D1193B67D1009902CA /* Inventario.png in Resources */ = {isa = PBXBuildFile; fileRef = FC7FD0CE193B67D1009902CA /* Inventario.png */; };
		FC7FD0D2193B67D1009902CA /* Tendero.png in Resources */ = {isa = PBXBuildFile; fileRef = FC7FD0CF193B67D1009902CA /* Tendero.png */; };
		FC7FD0D3193B67D1009902CA /* Transportador.png in Resources */ = {isa = PBXBuildFile; fileRef = FC7FD0D0193B67D1009902CA /* Transportador.png */; };
/* End PBXBuildFile section */

/* Begin PBXContainerItemProxy section */
		FC7FD07A193B6048009902CA /* PBXContainerItemProxy */ = {
			isa = PBXContainerItemProxy;
			containerPortal = FC7FD04C193B6048009902CA /* Project object */;
			proxyType = 1;
			remoteGlobalIDString = FC7FD053193B6048009902CA;
			remoteInfo = supermerca;
		};
/* End PBXContainerItemProxy section */

/* Begin PBXFileReference section */
		FC7FD054193B6048009902CA /* supermerca.app */ = {isa = PBXFileReference; explicitFileType = wrapper.application; includeInIndex = 0; path = supermerca.app; sourceTree = BUILT_PRODUCTS_DIR; };
		FC7FD057193B6048009902CA /* Foundation.framework */ = {isa = PBXFileReference; lastKnownFileType = wrapper.framework; name = Foundation.framework; path = System/Library/Frameworks/Foundation.framework; sourceTree = SDKROOT; };
		FC7FD059193B6048009902CA /* CoreGraphics.framework */ = {isa = PBXFileReference; lastKnownFileType = wrapper.framework; name = CoreGraphics.framework; path = System/Library/Frameworks/CoreGraphics.framework; sourceTree = SDKROOT; };
		FC7FD05B193B6048009902CA /* UIKit.framework */ = {isa = PBXFileReference; lastKnownFileType = wrapper.framework; name = UIKit.framework; path = System/Library/Frameworks/UIKit.framework; sourceTree = SDKROOT; };
		FC7FD05F193B6048009902CA /* supermerca-Info.plist */ = {isa = PBXFileReference; lastKnownFileType = text.plist.xml; path = "supermerca-Info.plist"; sourceTree = "<group>"; };
		FC7FD061193B6048009902CA /* en */ = {isa = PBXFileReference; lastKnownFileType = text.plist.strings; name = en; path = en.lproj/InfoPlist.strings; sourceTree = "<group>"; };
		FC7FD063193B6048009902CA /* main.m */ = {isa = PBXFileReference; lastKnownFileType = sourcecode.c.objc; path = main.m; sourceTree = "<group>"; };
		FC7FD065193B6048009902CA /* supermerca-Prefix.pch */ = {isa = PBXFileReference; lastKnownFileType = sourcecode.c.h; path = "supermerca-Prefix.pch"; sourceTree = "<group>"; };
		FC7FD066193B6048009902CA /* supermercacomAppDelegate.h */ = {isa = PBXFileReference; lastKnownFileType = sourcecode.c.h; path = supermercacomAppDelegate.h; sourceTree = "<group>"; };
		FC7FD067193B6048009902CA /* supermercacomAppDelegate.m */ = {isa = PBXFileReference; lastKnownFileType = sourcecode.c.objc; path = supermercacomAppDelegate.m; sourceTree = "<group>"; };
		FC7FD06A193B6048009902CA /* Base */ = {isa = PBXFileReference; lastKnownFileType = file.storyboard; name = Base; path = Base.lproj/Main.storyboard; sourceTree = "<group>"; };
		FC7FD06C193B6048009902CA /* supermercacomViewController.h */ = {isa = PBXFileReference; lastKnownFileType = sourcecode.c.h; path = supermercacomViewController.h; sourceTree = "<group>"; };
		FC7FD06D193B6048009902CA /* supermercacomViewController.m */ = {isa = PBXFileReference; lastKnownFileType = sourcecode.c.objc; path = supermercacomViewController.m; sourceTree = "<group>"; };
		FC7FD06F193B6048009902CA /* Images.xcassets */ = {isa = PBXFileReference; lastKnownFileType = folder.assetcatalog; path = Images.xcassets; sourceTree = "<group>"; };
		FC7FD075193B6048009902CA /* supermercaTests.xctest */ = {isa = PBXFileReference; explicitFileType = wrapper.cfbundle; includeInIndex = 0; path = supermercaTests.xctest; sourceTree = BUILT_PRODUCTS_DIR; };
		FC7FD076193B6048009902CA /* XCTest.framework */ = {isa = PBXFileReference; lastKnownFileType = wrapper.framework; name = XCTest.framework; path = Library/Frameworks/XCTest.framework; sourceTree = DEVELOPER_DIR; };
		FC7FD07E193B6048009902CA /* supermercaTests-Info.plist */ = {isa = PBXFileReference; lastKnownFileType = text.plist.xml; path = "supermercaTests-Info.plist"; sourceTree = "<group>"; };
		FC7FD080193B6048009902CA /* en */ = {isa = PBXFileReference; lastKnownFileType = text.plist.strings; name = en; path = en.lproj/InfoPlist.strings; sourceTree = "<group>"; };
		FC7FD082193B6048009902CA /* supermercaTests.m */ = {isa = PBXFileReference; lastKnownFileType = sourcecode.c.objc; path = supermercaTests.m; sourceTree = "<group>"; };
		FC7FD08C193B6144009902CA /* Calificar.png */ = {isa = PBXFileReference; lastKnownFileType = image.png; path = Calificar.png; sourceTree = "<group>"; };
		FC7FD08D193B6144009902CA /* Comprar.png */ = {isa = PBXFileReference; lastKnownFileType = image.png; path = Comprar.png; sourceTree = "<group>"; };
		FC7FD08E193B6144009902CA /* Georeferencia.png */ = {isa = PBXFileReference; lastKnownFileType = image.png; path = Georeferencia.png; sourceTree = "<group>"; };
		FC7FD08F193B6144009902CA /* logo4.png */ = {isa = PBXFileReference; lastKnownFileType = image.png; path = logo4.png; sourceTree = "<group>"; };
		FC7FD090193B6144009902CA /* logo6.png */ = {isa = PBXFileReference; lastKnownFileType = image.png; path = logo6.png; sourceTree = "<group>"; };
		FC7FD091193B6144009902CA /* Producto.png */ = {isa = PBXFileReference; lastKnownFileType = image.png; path = Producto.png; sourceTree = "<group>"; };
		FC7FD098193B6347009902CA /* productsDetailViewController.h */ = {isa = PBXFileReference; fileEncoding = 4; lastKnownFileType = sourcecode.c.h; path = productsDetailViewController.h; sourceTree = "<group>"; };
		FC7FD099193B6347009902CA /* productsDetailViewController.m */ = {isa = PBXFileReference; fileEncoding = 4; lastKnownFileType = sourcecode.c.objc; path = productsDetailViewController.m; sourceTree = "<group>"; };
		FC7FD09B193B63A1009902CA /* MapKit.framework */ = {isa = PBXFileReference; lastKnownFileType = wrapper.framework; name = MapKit.framework; path = System/Library/Frameworks/MapKit.framework; sourceTree = SDKROOT; };
		FC7FD09D193B63A8009902CA /* SystemConfiguration.framework */ = {isa = PBXFileReference; lastKnownFileType = wrapper.framework; name = SystemConfiguration.framework; path = System/Library/Frameworks/SystemConfiguration.framework; sourceTree = SDKROOT; };
		FC7FD09F193B63AE009902CA /* StoreKit.framework */ = {isa = PBXFileReference; lastKnownFileType = wrapper.framework; name = StoreKit.framework; path = System/Library/Frameworks/StoreKit.framework; sourceTree = SDKROOT; };
		FC7FD0A1193B63B7009902CA /* Security.framework */ = {isa = PBXFileReference; lastKnownFileType = wrapper.framework; name = Security.framework; path = System/Library/Frameworks/Security.framework; sourceTree = SDKROOT; };
		FC7FD0A3193B63C2009902CA /* QuartzCore.framework */ = {isa = PBXFileReference; lastKnownFileType = wrapper.framework; name = QuartzCore.framework; path = System/Library/Frameworks/QuartzCore.framework; sourceTree = SDKROOT; };
		FC7FD0A5193B63C9009902CA /* MobileCoreServices.framework */ = {isa = PBXFileReference; lastKnownFileType = wrapper.framework; name = MobileCoreServices.framework; path = System/Library/Frameworks/MobileCoreServices.framework; sourceTree = SDKROOT; };
		FC7FD0A7193B63D1009902CA /* libz.dylib */ = {isa = PBXFileReference; lastKnownFileType = "compiled.mach-o.dylib"; name = libz.dylib; path = usr/lib/libz.dylib; sourceTree = SDKROOT; };
		FC7FD0A9193B63D7009902CA /* libsqlite3.dylib */ = {isa = PBXFileReference; lastKnownFileType = "compiled.mach-o.dylib"; name = libsqlite3.dylib; path = usr/lib/libsqlite3.dylib; sourceTree = SDKROOT; };
		FC7FD0AB193B63DE009902CA /* CoreLocation.framework */ = {isa = PBXFileReference; lastKnownFileType = wrapper.framework; name = CoreLocation.framework; path = System/Library/Frameworks/CoreLocation.framework; sourceTree = SDKROOT; };
		FC7FD0AD193B63EF009902CA /* CFNetwork.framework */ = {isa = PBXFileReference; lastKnownFileType = wrapper.framework; name = CFNetwork.framework; path = System/Library/Frameworks/CFNetwork.framework; sourceTree = SDKROOT; };
		FC7FD0AF193B640D009902CA /* Parse.framework */ = {isa = PBXFileReference; lastKnownFileType = wrapper.framework; name = Parse.framework; path = "../../Google Drive/PERSONAL/C4C/PARSE/Parse.framework"; sourceTree = "<group>"; };
		FC7FD0B1193B641A009902CA /* AudioToolbox.framework */ = {isa = PBXFileReference; lastKnownFileType = wrapper.framework; name = AudioToolbox.framework; path = System/Library/Frameworks/AudioToolbox.framework; sourceTree = SDKROOT; };
		FC7FD0B3193B649C009902CA /* productsTableViewController.h */ = {isa = PBXFileReference; fileEncoding = 4; lastKnownFileType = sourcecode.c.h; path = productsTableViewController.h; sourceTree = "<group>"; };
		FC7FD0B4193B649C009902CA /* productsTableViewController.m */ = {isa = PBXFileReference; fileEncoding = 4; lastKnownFileType = sourcecode.c.objc; path = productsTableViewController.m; sourceTree = "<group>"; };
		FC7FD0B6193B67AC009902CA /* 2.-29x29.png */ = {isa = PBXFileReference; lastKnownFileType = image.png; path = "2.-29x29.png"; sourceTree = "<group>"; };
		FC7FD0B7193B67AC009902CA /* 2.-40x40.png */ = {isa = PBXFileReference; lastKnownFileType = image.png; path = "2.-40x40.png"; sourceTree = "<group>"; };
		FC7FD0B8193B67AC009902CA /* 2.-58x58.png */ = {isa = PBXFileReference; lastKnownFileType = image.png; path = "2.-58x58.png"; sourceTree = "<group>"; };
		FC7FD0B9193B67AC009902CA /* 2.-76x76.png */ = {isa = PBXFileReference; lastKnownFileType = image.png; path = "2.-76x76.png"; sourceTree = "<group>"; };
		FC7FD0BA193B67AC009902CA /* 2.-152x152.png */ = {isa = PBXFileReference; lastKnownFileType = image.png; path = "2.-152x152.png"; sourceTree = "<group>"; };
		FC7FD0BB193B67AC009902CA /* 2.120x120.png */ = {isa = PBXFileReference; lastKnownFileType = image.png; path = 2.120x120.png; sourceTree = "<group>"; };
		FC7FD0CE193B67D1009902CA /* Inventario.png */ = {isa = PBXFileReference; lastKnownFileType = image.png; path = Inventario.png; sourceTree = "<group>"; };
		FC7FD0CF193B67D1009902CA /* Tendero.png */ = {isa = PBXFileReference; lastKnownFileType = image.png; path = Tendero.png; sourceTree = "<group>"; };
		FC7FD0D0193B67D1009902CA /* Transportador.png */ = {isa = PBXFileReference; lastKnownFileType = image.png; path = Transportador.png; sourceTree = "<group>"; };
/* End PBXFileReference section */

/* Begin PBXFrameworksBuildPhase section */
		FC7FD051193B6048009902CA /* Frameworks */ = {
			isa = PBXFrameworksBuildPhase;
			buildActionMask = 2147483647;
			files = (
				FC7FD0B2193B641A009902CA /* AudioToolbox.framework in Frameworks */,
				FC7FD0B0193B640D009902CA /* Parse.framework in Frameworks */,
				FC7FD0AE193B63EF009902CA /* CFNetwork.framework in Frameworks */,
				FC7FD05A193B6048009902CA /* CoreGraphics.framework in Frameworks */,
				FC7FD0AC193B63DE009902CA /* CoreLocation.framework in Frameworks */,
				FC7FD0AA193B63D7009902CA /* libsqlite3.dylib in Frameworks */,
				FC7FD0A8193B63D1009902CA /* libz.dylib in Frameworks */,
				FC7FD0A6193B63C9009902CA /* MobileCoreServices.framework in Frameworks */,
				FC7FD0A4193B63C2009902CA /* QuartzCore.framework in Frameworks */,
				FC7FD0A2193B63B7009902CA /* Security.framework in Frameworks */,
				FC7FD0A0193B63AE009902CA /* StoreKit.framework in Frameworks */,
				FC7FD09E193B63A8009902CA /* SystemConfiguration.framework in Frameworks */,
				FC7FD09C193B63A1009902CA /* MapKit.framework in Frameworks */,
				FC7FD05C193B6048009902CA /* UIKit.framework in Frameworks */,
				FC7FD058193B6048009902CA /* Foundation.framework in Frameworks */,
			);
			runOnlyForDeploymentPostprocessing = 0;
		};
		FC7FD072193B6048009902CA /* Frameworks */ = {
			isa = PBXFrameworksBuildPhase;
			buildActionMask = 2147483647;
			files = (
				FC7FD077193B6048009902CA /* XCTest.framework in Frameworks */,
				FC7FD079193B6048009902CA /* UIKit.framework in Frameworks */,
				FC7FD078193B6048009902CA /* Foundation.framework in Frameworks */,
			);
			runOnlyForDeploymentPostprocessing = 0;
		};
/* End PBXFrameworksBuildPhase section */

/* Begin PBXGroup section */
		FC7FD04B193B6048009902CA = {
			isa = PBXGroup;
			children = (
				FC7FD05D193B6048009902CA /* supermerca */,
				FC7FD07C193B6048009902CA /* supermercaTests */,
				FC7FD056193B6048009902CA /* Frameworks */,
				FC7FD055193B6048009902CA /* Products */,
			);
			sourceTree = "<group>";
		};
		FC7FD055193B6048009902CA /* Products */ = {
			isa = PBXGroup;
			children = (
				FC7FD054193B6048009902CA /* supermerca.app */,
				FC7FD075193B6048009902CA /* supermercaTests.xctest */,
			);
			name = Products;
			sourceTree = "<group>";
		};
		FC7FD056193B6048009902CA /* Frameworks */ = {
			isa = PBXGroup;
			children = (
				FC7FD0B1193B641A009902CA /* AudioToolbox.framework */,
				FC7FD0AF193B640D009902CA /* Parse.framework */,
				FC7FD0AD193B63EF009902CA /* CFNetwork.framework */,
				FC7FD0AB193B63DE009902CA /* CoreLocation.framework */,
				FC7FD0A9193B63D7009902CA /* libsqlite3.dylib */,
				FC7FD0A7193B63D1009902CA /* libz.dylib */,
				FC7FD0A5193B63C9009902CA /* MobileCoreServices.framework */,
				FC7FD0A3193B63C2009902CA /* QuartzCore.framework */,
				FC7FD0A1193B63B7009902CA /* Security.framework */,
				FC7FD09F193B63AE009902CA /* StoreKit.framework */,
				FC7FD09D193B63A8009902CA /* SystemConfiguration.framework */,
				FC7FD09B193B63A1009902CA /* MapKit.framework */,
				FC7FD057193B6048009902CA /* Foundation.framework */,
				FC7FD059193B6048009902CA /* CoreGraphics.framework */,
				FC7FD05B193B6048009902CA /* UIKit.framework */,
				FC7FD076193B6048009902CA /* XCTest.framework */,
			);
			name = Frameworks;
			sourceTree = "<group>";
		};
		FC7FD05D193B6048009902CA /* supermerca */ = {
			isa = PBXGroup;
			children = (
				FC7FD0B6193B67AC009902CA /* 2.-29x29.png */,
				FC7FD0B7193B67AC009902CA /* 2.-40x40.png */,
				FC7FD0B8193B67AC009902CA /* 2.-58x58.png */,
				FC7FD0B9193B67AC009902CA /* 2.-76x76.png */,
				FC7FD0BA193B67AC009902CA /* 2.-152x152.png */,
				FC7FD0BB193B67AC009902CA /* 2.120x120.png */,
				FC7FD0B3193B649C009902CA /* productsTableViewController.h */,
				FC7FD0B4193B649C009902CA /* productsTableViewController.m */,
				FC7FD098193B6347009902CA /* productsDetailViewController.h */,
				FC7FD099193B6347009902CA /* productsDetailViewController.m */,
				FC7FD0CE193B67D1009902CA /* Inventario.png */,
				FC7FD0CF193B67D1009902CA /* Tendero.png */,
				FC7FD0D0193B67D1009902CA /* Transportador.png */,
				FC7FD08C193B6144009902CA /* Calificar.png */,
				FC7FD08D193B6144009902CA /* Comprar.png */,
				FC7FD08E193B6144009902CA /* Georeferencia.png */,
				FC7FD08F193B6144009902CA /* logo4.png */,
				FC7FD090193B6144009902CA /* logo6.png */,
				FC7FD091193B6144009902CA /* Producto.png */,
				FC7FD066193B6048009902CA /* supermercacomAppDelegate.h */,
				FC7FD067193B6048009902CA /* supermercacomAppDelegate.m */,
				FC7FD069193B6048009902CA /* Main.storyboard */,
				FC7FD06C193B6048009902CA /* supermercacomViewController.h */,
				FC7FD06D193B6048009902CA /* supermercacomViewController.m */,
				FC7FD06F193B6048009902CA /* Images.xcassets */,
				FC7FD05E193B6048009902CA /* Supporting Files */,
			);
			path = supermerca;
			sourceTree = "<group>";
		};
		FC7FD05E193B6048009902CA /* Supporting Files */ = {
			isa = PBXGroup;
			children = (
				FC7FD05F193B6048009902CA /* supermerca-Info.plist */,
				FC7FD060193B6048009902CA /* InfoPlist.strings */,
				FC7FD063193B6048009902CA /* main.m */,
				FC7FD065193B6048009902CA /* supermerca-Prefix.pch */,
			);
			name = "Supporting Files";
			sourceTree = "<group>";
		};
		FC7FD07C193B6048009902CA /* supermercaTests */ = {
			isa = PBXGroup;
			children = (
				FC7FD082193B6048009902CA /* supermercaTests.m */,
				FC7FD07D193B6048009902CA /* Supporting Files */,
			);
			path = supermercaTests;
			sourceTree = "<group>";
		};
		FC7FD07D193B6048009902CA /* Supporting Files */ = {
			isa = PBXGroup;
			children = (
				FC7FD07E193B6048009902CA /* supermercaTests-Info.plist */,
				FC7FD07F193B6048009902CA /* InfoPlist.strings */,
			);
			name = "Supporting Files";
			sourceTree = "<group>";
		};
/* End PBXGroup section */

/* Begin PBXNativeTarget section */
		FC7FD053193B6048009902CA /* supermerca */ = {
			isa = PBXNativeTarget;
			buildConfigurationList = FC7FD086193B6048009902CA /* Build configuration list for PBXNativeTarget "supermerca" */;
			buildPhases = (
				FC7FD050193B6048009902CA /* Sources */,
				FC7FD051193B6048009902CA /* Frameworks */,
				FC7FD052193B6048009902CA /* Resources */,
			);
			buildRules = (
			);
			dependencies = (
			);
			name = supermerca;
			productName = supermerca;
			productReference = FC7FD054193B6048009902CA /* supermerca.app */;
			productType = "com.apple.product-type.application";
		};
		FC7FD074193B6048009902CA /* supermercaTests */ = {
			isa = PBXNativeTarget;
			buildConfigurationList = FC7FD089193B6048009902CA /* Build configuration list for PBXNativeTarget "supermercaTests" */;
			buildPhases = (
				FC7FD071193B6048009902CA /* Sources */,
				FC7FD072193B6048009902CA /* Frameworks */,
				FC7FD073193B6048009902CA /* Resources */,
			);
			buildRules = (
			);
			dependencies = (
				FC7FD07B193B6048009902CA /* PBXTargetDependency */,
			);
			name = supermercaTests;
			productName = supermercaTests;
			productReference = FC7FD075193B6048009902CA /* supermercaTests.xctest */;
			productType = "com.apple.product-type.bundle.unit-test";
		};
/* End PBXNativeTarget section */

/* Begin PBXProject section */
		FC7FD04C193B6048009902CA /* Project object */ = {
			isa = PBXProject;
			attributes = {
				CLASSPREFIX = supermercacom;
				LastUpgradeCheck = 0510;
				ORGANIZATIONNAME = azarateo;
				TargetAttributes = {
					FC7FD074193B6048009902CA = {
						TestTargetID = FC7FD053193B6048009902CA;
					};
				};
			};
			buildConfigurationList = FC7FD04F193B6048009902CA /* Build configuration list for PBXProject "supermerca" */;
			compatibilityVersion = "Xcode 3.2";
			developmentRegion = English;
			hasScannedForEncodings = 0;
			knownRegions = (
				en,
				Base,
			);
			mainGroup = FC7FD04B193B6048009902CA;
			productRefGroup = FC7FD055193B6048009902CA /* Products */;
			projectDirPath = "";
			projectRoot = "";
			targets = (
				FC7FD053193B6048009902CA /* supermerca */,
				FC7FD074193B6048009902CA /* supermercaTests */,
			);
		};
/* End PBXProject section */

/* Begin PBXResourcesBuildPhase section */
		FC7FD052193B6048009902CA /* Resources */ = {
			isa = PBXResourcesBuildPhase;
			buildActionMask = 2147483647;
			files = (
				FC7FD0D1193B67D1009902CA /* Inventario.png in Resources */,
				FC7FD0C0193B67AC009902CA /* 2.-152x152.png in Resources */,
				FC7FD070193B6048009902CA /* Images.xcassets in Resources */,
				FC7FD097193B6144009902CA /* Producto.png in Resources */,
				FC7FD0BD193B67AC009902CA /* 2.-40x40.png in Resources */,
				FC7FD062193B6048009902CA /* InfoPlist.strings in Resources */,
				FC7FD092193B6144009902CA /* Calificar.png in Resources */,
				FC7FD0D3193B67D1009902CA /* Transportador.png in Resources */,
				FC7FD096193B6144009902CA /* logo6.png in Resources */,
				FC7FD093193B6144009902CA /* Comprar.png in Resources */,
				FC7FD0C1193B67AC009902CA /* 2.120x120.png in Resources */,
				FC7FD0BF193B67AC009902CA /* 2.-76x76.png in Resources */,
				FC7FD0BC193B67AC009902CA /* 2.-29x29.png in Resources */,
				FC7FD095193B6144009902CA /* logo4.png in Resources */,
				FC7FD06B193B6048009902CA /* Main.storyboard in Resources */,
				FC7FD0BE193B67AC009902CA /* 2.-58x58.png in Resources */,
				FC7FD094193B6144009902CA /* Georeferencia.png in Resources */,
				FC7FD0D2193B67D1009902CA /* Tendero.png in Resources */,
			);
			runOnlyForDeploymentPostprocessing = 0;
		};
		FC7FD073193B6048009902CA /* Resources */ = {
			isa = PBXResourcesBuildPhase;
			buildActionMask = 2147483647;
			files = (
				FC7FD081193B6048009902CA /* InfoPlist.strings in Resources */,
			);
			runOnlyForDeploymentPostprocessing = 0;
		};
/* End PBXResourcesBuildPhase section */

/* Begin PBXSourcesBuildPhase section */
		FC7FD050193B6048009902CA /* Sources */ = {
			isa = PBXSourcesBuildPhase;
			buildActionMask = 2147483647;
			files = (
				FC7FD0B5193B649C009902CA /* productsTableViewController.m in Sources */,
				FC7FD064193B6048009902CA /* main.m in Sources */,
				FC7FD06E193B6048009902CA /* supermercacomViewController.m in Sources */,
				FC7FD068193B6048009902CA /* supermercacomAppDelegate.m in Sources */,
				FC7FD09A193B6347009902CA /* productsDetailViewController.m in Sources */,
			);
			runOnlyForDeploymentPostprocessing = 0;
		};
		FC7FD071193B6048009902CA /* Sources */ = {
			isa = PBXSourcesBuildPhase;
			buildActionMask = 2147483647;
			files = (
				FC7FD083193B6048009902CA /* supermercaTests.m in Sources */,
			);
			runOnlyForDeploymentPostprocessing = 0;
		};
/* End PBXSourcesBuildPhase section */

/* Begin PBXTargetDependency section */
		FC7FD07B193B6048009902CA /* PBXTargetDependency */ = {
			isa = PBXTargetDependency;
			target = FC7FD053193B6048009902CA /* supermerca */;
			targetProxy = FC7FD07A193B6048009902CA /* PBXContainerItemProxy */;
		};
/* End PBXTargetDependency section */

/* Begin PBXVariantGroup section */
		FC7FD060193B6048009902CA /* InfoPlist.strings */ = {
			isa = PBXVariantGroup;
			children = (
				FC7FD061193B6048009902CA /* en */,
			);
			name = InfoPlist.strings;
			sourceTree = "<group>";
		};
		FC7FD069193B6048009902CA /* Main.storyboard */ = {
			isa = PBXVariantGroup;
			children = (
				FC7FD06A193B6048009902CA /* Base */,
			);
			name = Main.storyboard;
			sourceTree = "<group>";
		};
		FC7FD07F193B6048009902CA /* InfoPlist.strings */ = {
			isa = PBXVariantGroup;
			children = (
				FC7FD080193B6048009902CA /* en */,
			);
			name = InfoPlist.strings;
			sourceTree = "<group>";
		};
/* End PBXVariantGroup section */

/* Begin XCBuildConfiguration section */
		FC7FD084193B6048009902CA /* Debug */ = {
			isa = XCBuildConfiguration;
			buildSettings = {
				ALWAYS_SEARCH_USER_PATHS = NO;
				CLANG_CXX_LANGUAGE_STANDARD = "gnu++0x";
				CLANG_CXX_LIBRARY = "libc++";
				CLANG_ENABLE_MODULES = YES;
				CLANG_ENABLE_OBJC_ARC = YES;
				CLANG_WARN_BOOL_CONVERSION = YES;
				CLANG_WARN_CONSTANT_CONVERSION = YES;
				CLANG_WARN_DIRECT_OBJC_ISA_USAGE = YES_ERROR;
				CLANG_WARN_EMPTY_BODY = YES;
				CLANG_WARN_ENUM_CONVERSION = YES;
				CLANG_WARN_INT_CONVERSION = YES;
				CLANG_WARN_OBJC_ROOT_CLASS = YES_ERROR;
				CLANG_WARN__DUPLICATE_METHOD_MATCH = YES;
				CODE_SIGN_IDENTITY = "iPhone Developer: ALEJANDRO ZARATE ORJ (MKGGUQT885)";
				"CODE_SIGN_IDENTITY[sdk=iphoneos*]" = "iPhone Developer";
				COPY_PHASE_STRIP = NO;
				GCC_C_LANGUAGE_STANDARD = gnu99;
				GCC_DYNAMIC_NO_PIC = NO;
				GCC_OPTIMIZATION_LEVEL = 0;
				GCC_PREPROCESSOR_DEFINITIONS = (
					"DEBUG=1",
					"$(inherited)",
				);
				GCC_SYMBOLS_PRIVATE_EXTERN = NO;
				GCC_WARN_64_TO_32_BIT_CONVERSION = YES;
				GCC_WARN_ABOUT_RETURN_TYPE = YES_ERROR;
				GCC_WARN_UNDECLARED_SELECTOR = YES;
				GCC_WARN_UNINITIALIZED_AUTOS = YES_AGGRESSIVE;
				GCC_WARN_UNUSED_FUNCTION = YES;
				GCC_WARN_UNUSED_VARIABLE = YES;
				IPHONEOS_DEPLOYMENT_TARGET = 7.1;
				ONLY_ACTIVE_ARCH = YES;
				SDKROOT = iphoneos;
			};
			name = Debug;
		};
		FC7FD085193B6048009902CA /* Release */ = {
			isa = XCBuildConfiguration;
			buildSettings = {
				ALWAYS_SEARCH_USER_PATHS = NO;
				CLANG_CXX_LANGUAGE_STANDARD = "gnu++0x";
				CLANG_CXX_LIBRARY = "libc++";
				CLANG_ENABLE_MODULES = YES;
				CLANG_ENABLE_OBJC_ARC = YES;
				CLANG_WARN_BOOL_CONVERSION = YES;
				CLANG_WARN_CONSTANT_CONVERSION = YES;
				CLANG_WARN_DIRECT_OBJC_ISA_USAGE = YES_ERROR;
				CLANG_WARN_EMPTY_BODY = YES;
				CLANG_WARN_ENUM_CONVERSION = YES;
				CLANG_WARN_INT_CONVERSION = YES;
				CLANG_WARN_OBJC_ROOT_CLASS = YES_ERROR;
				CLANG_WARN__DUPLICATE_METHOD_MATCH = YES;
				CODE_SIGN_IDENTITY = "iPhone Developer: ALEJANDRO ZARATE ORJ (MKGGUQT885)";
				"CODE_SIGN_IDENTITY[sdk=iphoneos*]" = "iPhone Developer";
				COPY_PHASE_STRIP = YES;
				ENABLE_NS_ASSERTIONS = NO;
				GCC_C_LANGUAGE_STANDARD = gnu99;
				GCC_WARN_64_TO_32_BIT_CONVERSION = YES;
				GCC_WARN_ABOUT_RETURN_TYPE = YES_ERROR;
				GCC_WARN_UNDECLARED_SELECTOR = YES;
				GCC_WARN_UNINITIALIZED_AUTOS = YES_AGGRESSIVE;
				GCC_WARN_UNUSED_FUNCTION = YES;
				GCC_WARN_UNUSED_VARIABLE = YES;
				IPHONEOS_DEPLOYMENT_TARGET = 7.1;
				SDKROOT = iphoneos;
				VALIDATE_PRODUCT = YES;
			};
			name = Release;
		};
		FC7FD087193B6048009902CA /* Debug */ = {
			isa = XCBuildConfiguration;
			buildSettings = {
				ASSETCATALOG_COMPILER_APPICON_NAME = AppIcon;
				ASSETCATALOG_COMPILER_LAUNCHIMAGE_NAME = LaunchImage;
				FRAMEWORK_SEARCH_PATHS = (
					"$(inherited)",
					/Users/azarateo/Google,
					Drive/PERSONAL/C4C/PARSE,
				);
				GCC_PRECOMPILE_PREFIX_HEADER = YES;
				GCC_PREFIX_HEADER = "supermerca/supermerca-Prefix.pch";
				INFOPLIST_FILE = "supermerca/supermerca-Info.plist";
				PRODUCT_NAME = "$(TARGET_NAME)";
				WRAPPER_EXTENSION = app;
			};
			name = Debug;
		};
		FC7FD088193B6048009902CA /* Release */ = {
			isa = XCBuildConfiguration;
			buildSettings = {
				ASSETCATALOG_COMPILER_APPICON_NAME = AppIcon;
				ASSETCATALOG_COMPILER_LAUNCHIMAGE_NAME = LaunchImage;
				FRAMEWORK_SEARCH_PATHS = (
					"$(inherited)",
					/Users/azarateo/Google,
					Drive/PERSONAL/C4C/PARSE,
				);
				GCC_PRECOMPILE_PREFIX_HEADER = YES;
				GCC_PREFIX_HEADER = "supermerca/supermerca-Prefix.pch";
				INFOPLIST_FILE = "supermerca/supermerca-Info.plist";
				PRODUCT_NAME = "$(TARGET_NAME)";
				WRAPPER_EXTENSION = app;
			};
			name = Release;
		};
		FC7FD08A193B6048009902CA /* Debug */ = {
			isa = XCBuildConfiguration;
			buildSettings = {
				BUNDLE_LOADER = "$(BUILT_PRODUCTS_DIR)/supermerca.app/supermerca";
				FRAMEWORK_SEARCH_PATHS = (
					"$(SDKROOT)/Developer/Library/Frameworks",
					"$(inherited)",
					"$(DEVELOPER_FRAMEWORKS_DIR)",
				);
				GCC_PRECOMPILE_PREFIX_HEADER = YES;
				GCC_PREFIX_HEADER = "supermerca/supermerca-Prefix.pch";
				GCC_PREPROCESSOR_DEFINITIONS = (
					"DEBUG=1",
					"$(inherited)",
				);
				INFOPLIST_FILE = "supermercaTests/supermercaTests-Info.plist";
				PRODUCT_NAME = "$(TARGET_NAME)";
				TEST_HOST = "$(BUNDLE_LOADER)";
				WRAPPER_EXTENSION = xctest;
			};
			name = Debug;
		};
		FC7FD08B193B6048009902CA /* Release */ = {
			isa = XCBuildConfiguration;
			buildSettings = {
				BUNDLE_LOADER = "$(BUILT_PRODUCTS_DIR)/supermerca.app/supermerca";
				FRAMEWORK_SEARCH_PATHS = (
					"$(SDKROOT)/Developer/Library/Frameworks",
					"$(inherited)",
					"$(DEVELOPER_FRAMEWORKS_DIR)",
				);
				GCC_PRECOMPILE_PREFIX_HEADER = YES;
				GCC_PREFIX_HEADER = "supermerca/supermerca-Prefix.pch";
				INFOPLIST_FILE = "supermercaTests/supermercaTests-Info.plist";
				PRODUCT_NAME = "$(TARGET_NAME)";
				TEST_HOST = "$(BUNDLE_LOADER)";
				WRAPPER_EXTENSION = xctest;
			};
			name = Release;
		};
/* End XCBuildConfiguration section */

/* Begin XCConfigurationList section */
		FC7FD04F193B6048009902CA /* Build configuration list for PBXProject "supermerca" */ = {
			isa = XCConfigurationList;
			buildConfigurations = (
				FC7FD084193B6048009902CA /* Debug */,
				FC7FD085193B6048009902CA /* Release */,
			);
			defaultConfigurationIsVisible = 0;
			defaultConfigurationName = Release;
		};
		FC7FD086193B6048009902CA /* Build configuration list for PBXNativeTarget "supermerca" */ = {
			isa = XCConfigurationList;
			buildConfigurations = (
				FC7FD087193B6048009902CA /* Debug */,
				FC7FD088193B6048009902CA /* Release */,
			);
			defaultConfigurationIsVisible = 0;
		};
		FC7FD089193B6048009902CA /* Build configuration list for PBXNativeTarget "supermercaTests" */ = {
			isa = XCConfigurationList;
			buildConfigurations = (
				FC7FD08A193B6048009902CA /* Debug */,
				FC7FD08B193B6048009902CA /* Release */,
			);
			defaultConfigurationIsVisible = 0;
		};
/* End XCConfigurationList section */
	};
	rootObject = FC7FD04C193B6048009902CA /* Project object */;
}
